
Microsoft Visual Studio Solution File, Format Version 12.00
# Visual Studio 14
VisualStudioVersion = 14.0.22823.1
MinimumVisualStudioVersion = 10.0.40219.1
Project("{2150E333-8FDC-42A3-9474-1A3956D46DE8}") = "src", "src", "{3EFDD117-18F9-4852-8634-C2CB99749F96}"
EndProject
Project("{2150E333-8FDC-42A3-9474-1A3956D46DE8}") = "Solution Items", "Solution Items", "{C8BAF865-3D1F-44CB-86E5-7DB1B823DD16}"
	ProjectSection(SolutionItems) = preProject
		global.json = global.json
	EndProjectSection
EndProject
Project("{8BB2217D-0F2D-49D1-97BC-3654ED321F3B}") = "hiro", "src\hiro\hiro.xproj", "{6A25D882-0ED3-41B4-9E15-57178FD876DC}"
EndProject
Global
	GlobalSection(SolutionConfigurationPlatforms) = preSolution
		Debug|Any CPU = Debug|Any CPU
		Release|Any CPU = Release|Any CPU
	EndGlobalSection
	GlobalSection(ProjectConfigurationPlatforms) = postSolution
		{6A25D882-0ED3-41B4-9E15-57178FD876DC}.Debug|Any CPU.ActiveCfg = Debug|Any CPU
		{6A25D882-0ED3-41B4-9E15-57178FD876DC}.Debug|Any CPU.Build.0 = Debug|Any CPU
		{6A25D882-0ED3-41B4-9E15-57178FD876DC}.Release|Any CPU.ActiveCfg = Release|Any CPU
		{6A25D882-0ED3-41B4-9E15-57178FD876DC}.Release|Any CPU.Build.0 = Release|Any CPU
	EndGlobalSection
	GlobalSection(SolutionProperties) = preSolution
		HideSolutionNode = FALSE
	EndGlobalSection
	GlobalSection(NestedProjects) = preSolution
		{6A25D882-0ED3-41B4-9E15-57178FD876DC} = {3EFDD117-18F9-4852-8634-C2CB99749F96}
	EndGlobalSection
EndGlobal
